
Microsoft Visual Studio Solution File, Format Version 12.00
# Visual Studio Version 17
VisualStudioVersion = 17.13.35825.156 d17.13
MinimumVisualStudioVersion = 10.0.40219.1
Project("{FAE04EC0-301F-11D3-BF4B-00C04F79EFBC}") = "Receipt.GetDatabase", "Receipt.GetDatabase\Receipt.GetDatabase.csproj", "{F534C0FD-210E-4A28-B690-28797A3DEEC1}"
EndProject
Global
	GlobalSection(SolutionConfigurationPlatforms) = preSolution
		Debug|Any CPU = Debug|Any CPU
		Release|Any CPU = Release|Any CPU
	EndGlobalSection
	GlobalSection(ProjectConfigurationPlatforms) = postSolution
		{F534C0FD-210E-4A28-B690-28797A3DEEC1}.Debug|Any CPU.ActiveCfg = Debug|Any CPU
		{F534C0FD-210E-4A28-B690-28797A3DEEC1}.Debug|Any CPU.Build.0 = Debug|Any CPU
		{F534C0FD-210E-4A28-B690-28797A3DEEC1}.Release|Any CPU.ActiveCfg = Release|Any CPU
		{F534C0FD-210E-4A28-B690-28797A3DEEC1}.Release|Any CPU.Build.0 = Release|Any CPU
	EndGlobalSection
	GlobalSection(SolutionProperties) = preSolution
		HideSolutionNode = FALSE
	EndGlobalSection
	GlobalSection(ExtensibilityGlobals) = postSolution
		SolutionGuid = {1BF79CDF-0F75-4882-BAB5-5E6BF5B220D6}
	EndGlobalSection
EndGlobal
